
Microsoft Visual Studio Solution File, Format Version 12.00
# Visual Studio Version 17
VisualStudioVersion = 17.5.33424.131
MinimumVisualStudioVersion = 10.0.40219.1
Project("{FAE04EC0-301F-11D3-BF4B-00C04F79EFBC}") = "Vista", "Vista.csproj", "{08A02C43-D87C-4816-BD6C-F796B9F3E045}"
EndProject
Project("{FAE04EC0-301F-11D3-BF4B-00C04F79EFBC}") = "Modelo", "..\Modelo\Modelo.csproj", "{4803BF1C-1180-48E7-86FA-D59247E3B81A}"
EndProject
Project("{FAE04EC0-301F-11D3-BF4B-00C04F79EFBC}") = "VistaModelo", "..\VistaModelo\VistaModelo.csproj", "{B4CB0A91-BD51-4FCF-BCB1-BC868F13665F}"
EndProject
Project("{FAE04EC0-301F-11D3-BF4B-00C04F79EFBC}") = "Servicios", "..\Servicios\Servicios.csproj", "{DF857900-529F-44E9-8894-56710C41F0C6}"
EndProject
Project("{9A19103F-16F7-4668-BE54-9A1E7A4F7556}") = "TACOS", "..\..\API-TACOS-CSharp2\TACOS.csproj", "{49AAC836-21A7-419D-A34E-3E9B98A58E81}"
EndProject
Project("{9A19103F-16F7-4668-BE54-9A1E7A4F7556}") = "TACOSGateway", "..\..\API-TACOS-CSharp2\TACOSGateway\TACOSGateway.csproj", "{06EF0737-2D78-4E43-A5ED-141501EC1C5C}"
EndProject
Project("{9A19103F-16F7-4668-BE54-9A1E7A4F7556}") = "TACOSMenuAPI", "..\..\API-TACOS-CSharp2\TACOSMenuAPI\TACOSMenuAPI.csproj", "{11B76AEE-A6BC-43ED-98AE-6E9DAD930626}"
EndProject
Project("{9A19103F-16F7-4668-BE54-9A1E7A4F7556}") = "TACOSImagenesAPI", "..\..\TACOSImagenesAPI\TACOSImagenesAPI.csproj", "{BAE9313C-3D24-4D01-B571-F913E22B1377}"
EndProject
Global
	GlobalSection(SolutionConfigurationPlatforms) = preSolution
		Debug|Any CPU = Debug|Any CPU
		Release|Any CPU = Release|Any CPU
	EndGlobalSection
	GlobalSection(ProjectConfigurationPlatforms) = postSolution
		{08A02C43-D87C-4816-BD6C-F796B9F3E045}.Debug|Any CPU.ActiveCfg = Debug|Any CPU
		{08A02C43-D87C-4816-BD6C-F796B9F3E045}.Debug|Any CPU.Build.0 = Debug|Any CPU
		{08A02C43-D87C-4816-BD6C-F796B9F3E045}.Release|Any CPU.ActiveCfg = Release|Any CPU
		{08A02C43-D87C-4816-BD6C-F796B9F3E045}.Release|Any CPU.Build.0 = Release|Any CPU
		{4803BF1C-1180-48E7-86FA-D59247E3B81A}.Debug|Any CPU.ActiveCfg = Debug|Any CPU
		{4803BF1C-1180-48E7-86FA-D59247E3B81A}.Debug|Any CPU.Build.0 = Debug|Any CPU
		{4803BF1C-1180-48E7-86FA-D59247E3B81A}.Release|Any CPU.ActiveCfg = Release|Any CPU
		{4803BF1C-1180-48E7-86FA-D59247E3B81A}.Release|Any CPU.Build.0 = Release|Any CPU
		{B4CB0A91-BD51-4FCF-BCB1-BC868F13665F}.Debug|Any CPU.ActiveCfg = Debug|Any CPU
		{B4CB0A91-BD51-4FCF-BCB1-BC868F13665F}.Debug|Any CPU.Build.0 = Debug|Any CPU
		{B4CB0A91-BD51-4FCF-BCB1-BC868F13665F}.Release|Any CPU.ActiveCfg = Release|Any CPU
		{B4CB0A91-BD51-4FCF-BCB1-BC868F13665F}.Release|Any CPU.Build.0 = Release|Any CPU
		{DF857900-529F-44E9-8894-56710C41F0C6}.Debug|Any CPU.ActiveCfg = Debug|Any CPU
		{DF857900-529F-44E9-8894-56710C41F0C6}.Debug|Any CPU.Build.0 = Debug|Any CPU
		{DF857900-529F-44E9-8894-56710C41F0C6}.Release|Any CPU.ActiveCfg = Release|Any CPU
		{DF857900-529F-44E9-8894-56710C41F0C6}.Release|Any CPU.Build.0 = Release|Any CPU
		{49AAC836-21A7-419D-A34E-3E9B98A58E81}.Debug|Any CPU.ActiveCfg = Debug|Any CPU
		{49AAC836-21A7-419D-A34E-3E9B98A58E81}.Debug|Any CPU.Build.0 = Debug|Any CPU
		{49AAC836-21A7-419D-A34E-3E9B98A58E81}.Release|Any CPU.ActiveCfg = Release|Any CPU
		{49AAC836-21A7-419D-A34E-3E9B98A58E81}.Release|Any CPU.Build.0 = Release|Any CPU
		{06EF0737-2D78-4E43-A5ED-141501EC1C5C}.Debug|Any CPU.ActiveCfg = Debug|Any CPU
		{06EF0737-2D78-4E43-A5ED-141501EC1C5C}.Debug|Any CPU.Build.0 = Debug|Any CPU
		{06EF0737-2D78-4E43-A5ED-141501EC1C5C}.Release|Any CPU.ActiveCfg = Release|Any CPU
		{06EF0737-2D78-4E43-A5ED-141501EC1C5C}.Release|Any CPU.Build.0 = Release|Any CPU
		{11B76AEE-A6BC-43ED-98AE-6E9DAD930626}.Debug|Any CPU.ActiveCfg = Debug|Any CPU
		{11B76AEE-A6BC-43ED-98AE-6E9DAD930626}.Debug|Any CPU.Build.0 = Debug|Any CPU
		{11B76AEE-A6BC-43ED-98AE-6E9DAD930626}.Release|Any CPU.ActiveCfg = Release|Any CPU
		{11B76AEE-A6BC-43ED-98AE-6E9DAD930626}.Release|Any CPU.Build.0 = Release|Any CPU
		{BAE9313C-3D24-4D01-B571-F913E22B1377}.Debug|Any CPU.ActiveCfg = Debug|Any CPU
		{BAE9313C-3D24-4D01-B571-F913E22B1377}.Debug|Any CPU.Build.0 = Debug|Any CPU
		{BAE9313C-3D24-4D01-B571-F913E22B1377}.Release|Any CPU.ActiveCfg = Release|Any CPU
		{BAE9313C-3D24-4D01-B571-F913E22B1377}.Release|Any CPU.Build.0 = Release|Any CPU
	EndGlobalSection
	GlobalSection(SolutionProperties) = preSolution
		HideSolutionNode = FALSE
	EndGlobalSection
	GlobalSection(ExtensibilityGlobals) = postSolution
		SolutionGuid = {BB97478E-3DB3-4B19-BD48-4BC3A7A2EBC6}
	EndGlobalSection
EndGlobal
