
Microsoft Visual Studio Solution File, Format Version 12.00
# Visual Studio Version 17
VisualStudioVersion = 17.5.33424.131
MinimumVisualStudioVersion = 10.0.40219.1
Project("{FAE04EC0-301F-11D3-BF4B-00C04F79EFBC}") = "Vista", "Vista.csproj", "{08A02C43-D87C-4816-BD6C-F796B9F3E045}"
EndProject
Project("{FAE04EC0-301F-11D3-BF4B-00C04F79EFBC}") = "Modelo", "..\Modelo\Modelo.csproj", "{4803BF1C-1180-48E7-86FA-D59247E3B81A}"
EndProject
Project("{FAE04EC0-301F-11D3-BF4B-00C04F79EFBC}") = "VistaModelo", "..\VistaModelo\VistaModelo.csproj", "{B4CB0A91-BD51-4FCF-BCB1-BC868F13665F}"
EndProject
Project("{FAE04EC0-301F-11D3-BF4B-00C04F79EFBC}") = "Servicios", "..\Servicios\Servicios.csproj", "{DF857900-529F-44E9-8894-56710C41F0C6}"
EndProject
Global
	GlobalSection(SolutionConfigurationPlatforms) = preSolution
		Debug|Any CPU = Debug|Any CPU
		Release|Any CPU = Release|Any CPU
	EndGlobalSection
	GlobalSection(ProjectConfigurationPlatforms) = postSolution
		{08A02C43-D87C-4816-BD6C-F796B9F3E045}.Debug|Any CPU.ActiveCfg = Debug|Any CPU
		{08A02C43-D87C-4816-BD6C-F796B9F3E045}.Debug|Any CPU.Build.0 = Debug|Any CPU
		{08A02C43-D87C-4816-BD6C-F796B9F3E045}.Release|Any CPU.ActiveCfg = Release|Any CPU
		{08A02C43-D87C-4816-BD6C-F796B9F3E045}.Release|Any CPU.Build.0 = Release|Any CPU
		{4803BF1C-1180-48E7-86FA-D59247E3B81A}.Debug|Any CPU.ActiveCfg = Debug|Any CPU
		{4803BF1C-1180-48E7-86FA-D59247E3B81A}.Debug|Any CPU.Build.0 = Debug|Any CPU
		{4803BF1C-1180-48E7-86FA-D59247E3B81A}.Release|Any CPU.ActiveCfg = Release|Any CPU
		{4803BF1C-1180-48E7-86FA-D59247E3B81A}.Release|Any CPU.Build.0 = Release|Any CPU
		{B4CB0A91-BD51-4FCF-BCB1-BC868F13665F}.Debug|Any CPU.ActiveCfg = Debug|Any CPU
		{B4CB0A91-BD51-4FCF-BCB1-BC868F13665F}.Debug|Any CPU.Build.0 = Debug|Any CPU
		{B4CB0A91-BD51-4FCF-BCB1-BC868F13665F}.Release|Any CPU.ActiveCfg = Release|Any CPU
		{B4CB0A91-BD51-4FCF-BCB1-BC868F13665F}.Release|Any CPU.Build.0 = Release|Any CPU
		{DF857900-529F-44E9-8894-56710C41F0C6}.Debug|Any CPU.ActiveCfg = Debug|Any CPU
		{DF857900-529F-44E9-8894-56710C41F0C6}.Debug|Any CPU.Build.0 = Debug|Any CPU
		{DF857900-529F-44E9-8894-56710C41F0C6}.Release|Any CPU.ActiveCfg = Release|Any CPU
		{DF857900-529F-44E9-8894-56710C41F0C6}.Release|Any CPU.Build.0 = Release|Any CPU
	EndGlobalSection
	GlobalSection(SolutionProperties) = preSolution
		HideSolutionNode = FALSE
	EndGlobalSection
	GlobalSection(ExtensibilityGlobals) = postSolution
		SolutionGuid = {BB97478E-3DB3-4B19-BD48-4BC3A7A2EBC6}
	EndGlobalSection
EndGlobal
